{
  "version": "4",
  "specifiers": {
    "jsr:@std/async@^1.0.8": "1.0.8",
    "npm:@colors/colors@^1.6.0": "1.6.0",
    "npm:@inquirer/input@^4.0.2": "4.0.2_@types+node@22.5.4",
    "npm:@inquirer/password@^4.0.2": "4.0.2_@types+node@22.5.4",
    "npm:@inquirer/select@^1.3.3": "1.3.3",
    "npm:chai@^5.1.2": "5.1.2",
    "npm:cli-table3@~0.6.3": "0.6.5",
    "npm:commander@^11.1.0": "11.1.0",
    "npm:configstore@7": "7.0.0",
    "npm:debug@^4.3.7": "4.3.7",
    "npm:dotenv@^16.3.1": "16.4.5",
    "npm:mocha@^10.8.2": "10.8.2",
    "npm:node-fetch@^3.3.2": "3.3.2"
  },
  "jsr": {
    "@std/async@1.0.8": {
      "integrity": "c057c5211a0f1d12e7dcd111ab430091301b8d64b4250052a79d277383bc3ba7"
    }
  },
  "npm": {
    "@colors/colors@1.5.0": {
      "integrity": "sha512-ooWCrlZP11i8GImSjTHYHLkvFDP48nS4+204nGb1RiX/WXYHmJA2III9/e2DWVabCESdW7hBAEzHRqUn9OUVvQ=="
    },
    "@colors/colors@1.6.0": {
      "integrity": "sha512-Ir+AOibqzrIsL6ajt3Rz3LskB7OiMVHqltZmspbW/TJuTVuyOMirVqAkjfY6JISiLHgyNqicAC8AyHHGzNd/dA=="
    },
    "@inquirer/core@10.1.0_@types+node@22.5.4": {
      "integrity": "sha512-I+ETk2AL+yAVbvuKx5AJpQmoaWhpiTFOg/UJb7ZkMAK4blmtG8ATh5ct+T/8xNld0CZG/2UhtkdMwpgvld92XQ==",
      "dependencies": [
        "@inquirer/figures",
        "@inquirer/type@3.0.1_@types+node@22.5.4",
        "ansi-escapes",
        "cli-width",
        "mute-stream@2.0.0",
        "signal-exit",
        "strip-ansi",
        "wrap-ansi@6.2.0",
        "yoctocolors-cjs"
      ]
    },
    "@inquirer/core@6.0.0": {
      "integrity": "sha512-fKi63Khkisgda3ohnskNf5uZJj+zXOaBvOllHsOkdsXRA/ubQLJQrZchFFi57NKbZzkTunXiBMdvWOv71alonw==",
      "dependencies": [
        "@inquirer/type@1.5.5",
        "@types/mute-stream",
        "@types/node@20.17.6",
        "@types/wrap-ansi",
        "ansi-escapes",
        "chalk",
        "cli-spinners",
        "cli-width",
        "figures",
        "mute-stream@1.0.0",
        "run-async",
        "signal-exit",
        "strip-ansi",
        "wrap-ansi@6.2.0"
      ]
    },
    "@inquirer/figures@1.0.8": {
      "integrity": "sha512-tKd+jsmhq21AP1LhexC0pPwsCxEhGgAkg28byjJAd+xhmIs8LUX8JbUc3vBf3PhLxWiB5EvyBE5X7JSPAqMAqg=="
    },
    "@inquirer/input@4.0.2_@types+node@22.5.4": {
      "integrity": "sha512-yCLCraigU085EcdpIVEDgyfGv4vBiE4I+k1qRkc9C5dMjWF42ADMGy1RFU94+eZlz4YlkmFsiyHZy0W1wdhaNg==",
      "dependencies": [
        "@inquirer/core@10.1.0_@types+node@22.5.4",
        "@inquirer/type@3.0.1_@types+node@22.5.4",
        "@types/node@22.5.4"
      ]
    },
    "@inquirer/password@4.0.2_@types+node@22.5.4": {
      "integrity": "sha512-tQXGSu7IO07gsYlGy3VgXRVsbOWqFBMbqAUrJSc1PDTQQ5Qdm+QVwkP0OC0jnUZ62D19iPgXOMO+tnWG+HhjNQ==",
      "dependencies": [
        "@inquirer/core@10.1.0_@types+node@22.5.4",
        "@inquirer/type@3.0.1_@types+node@22.5.4",
        "@types/node@22.5.4",
        "ansi-escapes"
      ]
    },
    "@inquirer/select@1.3.3": {
      "integrity": "sha512-RzlRISXWqIKEf83FDC9ZtJ3JvuK1l7aGpretf41BCWYrvla2wU8W8MTRNMiPrPJ+1SIqrRC1nZdZ60hD9hRXLg==",
      "dependencies": [
        "@inquirer/core@6.0.0",
        "@inquirer/type@1.5.5",
        "ansi-escapes",
        "chalk",
        "figures"
      ]
    },
    "@inquirer/type@1.5.5": {
      "integrity": "sha512-MzICLu4yS7V8AA61sANROZ9vT1H3ooca5dSmI1FjZkzq7o/koMsRfQSzRtFo+F3Ao4Sf1C0bpLKejpKB/+j6MA==",
      "dependencies": [
        "mute-stream@1.0.0"
      ]
    },
    "@inquirer/type@3.0.1_@types+node@22.5.4": {
      "integrity": "sha512-+ksJMIy92sOAiAccGpcKZUc3bYO07cADnscIxHBknEm3uNts3movSmBofc1908BNy5edKscxYeAdaX1NXkHS6A==",
      "dependencies": [
        "@types/node@22.5.4"
      ]
    },
    "@types/mute-stream@0.0.4": {
      "integrity": "sha512-CPM9nzrCPPJHQNA9keH9CVkVI+WR5kMa+7XEs5jcGQ0VoAGnLv242w8lIVgwAEfmE4oufJRaTc9PNLQl0ioAow==",
      "dependencies": [
        "@types/node@22.5.4"
      ]
    },
    "@types/node@20.17.6": {
      "integrity": "sha512-VEI7OdvK2wP7XHnsuXbAJnEpEkF6NjSN45QJlL4VGqZSXsnicpesdTWsg9RISeSdYd3yeRj/y3k5KGjUXYnFwQ==",
      "dependencies": [
        "undici-types"
      ]
    },
    "@types/node@22.5.4": {
      "integrity": "sha512-FDuKUJQm/ju9fT/SeX/6+gBzoPzlVCzfzmGkwKvRHQVxi4BntVbyIwf6a4Xn62mrvndLiml6z/UBXIdEVjQLXg==",
      "dependencies": [
        "undici-types"
      ]
    },
    "@types/wrap-ansi@3.0.0": {
      "integrity": "sha512-ltIpx+kM7g/MLRZfkbL7EsCEjfzCcScLpkg37eXEtx5kmrAKBkTJwd1GIAjDSL8wTpM6Hzn5YO4pSb91BEwu1g=="
    },
    "ansi-colors@4.1.3": {
      "integrity": "sha512-/6w/C21Pm1A7aZitlI5Ni/2J6FFQN8i1Cvz3kHABAAbw93v/NlvKdVOqz7CCWz/3iv/JplRSEEZ83XION15ovw=="
    },
    "ansi-escapes@4.3.2": {
      "integrity": "sha512-gKXj5ALrKWQLsYG9jlTRmR/xKluxHV+Z9QEwNIgCfM1/uwPMCuzVVnh5mwTd+OuBZcwSIMbqssNWRm1lE51QaQ==",
      "dependencies": [
        "type-fest@0.21.3"
      ]
    },
    "ansi-regex@5.0.1": {
      "integrity": "sha512-quJQXlTSUGL2LH9SUXo8VwsY4soanhgo6LNSm84E1LBcE8s3O0wpdiRzyR9z/ZZJMlMWv37qOOb9pdJlMUEKFQ=="
    },
    "ansi-styles@4.3.0": {
      "integrity": "sha512-zbB9rCJAT1rbjiVDb2hqKFHNYLxgtk8NURxZ3IZwD3F6NtxbXZQCnnSi1Lkx+IDohdPlFp222wVALIheZJQSEg==",
      "dependencies": [
        "color-convert"
      ]
    },
    "anymatch@3.1.3": {
      "integrity": "sha512-KMReFUr0B4t+D+OBkjR3KYqvocp2XaSzO55UcB6mgQMd3KbcE+mWTyvVV7D/zsdEbNnV6acZUutkiHQXvTr1Rw==",
      "dependencies": [
        "normalize-path",
        "picomatch"
      ]
    },
    "argparse@2.0.1": {
      "integrity": "sha512-8+9WqebbFzpX9OR+Wa6O29asIogeRMzcGtAINdpMHHyAg10f05aSFVBbcEqGf/PXw1EjAZ+q2/bEBg3DvurK3Q=="
    },
    "assertion-error@2.0.1": {
      "integrity": "sha512-Izi8RQcffqCeNVgFigKli1ssklIbpHnCYc6AknXGYoB6grJqyeby7jv12JUQgmTAnIDnbck1uxksT4dzN3PWBA=="
    },
    "atomically@2.0.3": {
      "integrity": "sha512-kU6FmrwZ3Lx7/7y3hPS5QnbJfaohcIul5fGqf7ok+4KklIEk9tJ0C2IQPdacSbVUWv6zVHXEBWoWd6NrVMT7Cw==",
      "dependencies": [
        "stubborn-fs",
        "when-exit"
      ]
    },
    "balanced-match@1.0.2": {
      "integrity": "sha512-3oSeUO0TMV67hN1AmbXsK4yaqU7tjiHlbxRDZOpH0KW9+CeX4bRAaX0Anxt0tx2MrpRpWwQaPwIlISEJhYU5Pw=="
    },
    "binary-extensions@2.3.0": {
      "integrity": "sha512-Ceh+7ox5qe7LJuLHoY0feh3pHuUDHAcRUeyL2VYghZwfpkNIy/+8Ocg0a3UuSoYzavmylwuLWQOf3hl0jjMMIw=="
    },
    "brace-expansion@2.0.1": {
      "integrity": "sha512-XnAIvQ8eM+kC6aULx6wuQiwVsnzsi9d3WxzV3FpWTGA19F621kwdbsAcFKXgKUHZWsy+mY6iL1sHTxWEFCytDA==",
      "dependencies": [
        "balanced-match"
      ]
    },
    "braces@3.0.3": {
      "integrity": "sha512-yQbXgO/OSZVD2IsiLlro+7Hf6Q18EJrKSEsdoMzKePKXct3gvD8oLcOQdIzGupr5Fj+EDe8gO/lxc1BzfMpxvA==",
      "dependencies": [
        "fill-range"
      ]
    },
    "browser-stdout@1.3.1": {
      "integrity": "sha512-qhAVI1+Av2X7qelOfAIYwXONood6XlZE/fXaBSmW/T5SzLAmCgzi+eiWE7fUvbHaeNBQH13UftjpXxsfLkMpgw=="
    },
    "camelcase@6.3.0": {
      "integrity": "sha512-Gmy6FhYlCY7uOElZUSbxo2UCDH8owEk996gkbrpsgGtrJLM3J7jGxl9Ic7Qwwj4ivOE5AWZWRMecDdF7hqGjFA=="
    },
    "chai@5.1.2": {
      "integrity": "sha512-aGtmf24DW6MLHHG5gCx4zaI3uBq3KRtxeVs0DjFH6Z0rDNbsvTxFASFvdj79pxjxZ8/5u3PIiN3IwEIQkiiuPw==",
      "dependencies": [
        "assertion-error",
        "check-error",
        "deep-eql",
        "loupe",
        "pathval"
      ]
    },
    "chalk@4.1.2": {
      "integrity": "sha512-oKnbhFyRIXpUuez8iBMmyEa4nbj4IOQyuhc/wy9kY7/WVPcwIO9VA668Pu8RkO7+0G76SLROeyw9CpQ061i4mA==",
      "dependencies": [
        "ansi-styles",
        "supports-color@7.2.0"
      ]
    },
    "check-error@2.1.1": {
      "integrity": "sha512-OAlb+T7V4Op9OwdkjmguYRqncdlx5JiofwOAUkmTF+jNdHwzTaTs4sRAGpzLF3oOz5xAyDGrPgeIDFQmDOTiJw=="
    },
    "chokidar@3.6.0": {
      "integrity": "sha512-7VT13fmjotKpGipCW9JEQAusEPE+Ei8nl6/g4FBAmIm0GOOLMua9NDDo/DWp0ZAxCr3cPq5ZpBqmPAQgDda2Pw==",
      "dependencies": [
        "anymatch",
        "braces",
        "fsevents",
        "glob-parent",
        "is-binary-path",
        "is-glob",
        "normalize-path",
        "readdirp"
      ]
    },
    "cli-spinners@2.9.2": {
      "integrity": "sha512-ywqV+5MmyL4E7ybXgKys4DugZbX0FC6LnwrhjuykIjnK9k8OQacQ7axGKnjDXWNhns0xot3bZI5h55H8yo9cJg=="
    },
    "cli-table3@0.6.5": {
      "integrity": "sha512-+W/5efTR7y5HRD7gACw9yQjqMVvEMLBHmboM/kPWam+H+Hmyrgjh6YncVKK122YZkXrLudzTuAukUw9FnMf7IQ==",
      "dependencies": [
        "@colors/colors@1.5.0",
        "string-width"
      ]
    },
    "cli-width@4.1.0": {
      "integrity": "sha512-ouuZd4/dm2Sw5Gmqy6bGyNNNe1qt9RpmxveLSO7KcgsTnU7RXfsw+/bukWGo1abgBiMAic068rclZsO4IWmmxQ=="
    },
    "cliui@7.0.4": {
      "integrity": "sha512-OcRE68cOsVMXp1Yvonl/fzkQOyjLSu/8bhPDfQt0e0/Eb283TKP20Fs2MqoPsr9SwA595rRCA+QMzYc9nBP+JQ==",
      "dependencies": [
        "string-width",
        "strip-ansi",
        "wrap-ansi@7.0.0"
      ]
    },
    "color-convert@2.0.1": {
      "integrity": "sha512-RRECPsj7iu/xb5oKYcsFHSppFNnsj/52OVTRKb4zP5onXwVF3zVmmToNcOfGC+CRDpfK/U584fMg38ZHCaElKQ==",
      "dependencies": [
        "color-name"
      ]
    },
    "color-name@1.1.4": {
      "integrity": "sha512-dOy+3AuW3a2wNbZHIuMZpTcgjGuLU/uBL/ubcZF9OXbDo8ff4O8yVp5Bf0efS8uEoYo5q4Fx7dY9OgQGXgAsQA=="
    },
    "commander@11.1.0": {
      "integrity": "sha512-yPVavfyCcRhmorC7rWlkHn15b4wDVgVmBA7kV4QVBsF7kv/9TKJAbAXVTxvTnwP8HHKjRCJDClKbciiYS7p0DQ=="
    },
    "configstore@7.0.0": {
      "integrity": "sha512-yk7/5PN5im4qwz0WFZW3PXnzHgPu9mX29Y8uZ3aefe2lBPC1FYttWZRcaW9fKkT0pBCJyuQ2HfbmPVaODi9jcQ==",
      "dependencies": [
        "atomically",
        "dot-prop",
        "graceful-fs",
        "xdg-basedir"
      ]
    },
    "data-uri-to-buffer@4.0.1": {
      "integrity": "sha512-0R9ikRb668HB7QDxT1vkpuUBtqc53YyAwMwGeUFKRojY/NWKvdZ+9UYtRfGmhqNbRkTSVpMbmyhXipFFv2cb/A=="
    },
    "debug@4.3.7": {
      "integrity": "sha512-Er2nc/H7RrMXZBFCEim6TCmMk02Z8vLC2Rbi1KEBggpo0fS6l0S1nnapwmIi3yW/+GOJap1Krg4w0Hg80oCqgQ==",
      "dependencies": [
        "ms"
      ]
    },
    "decamelize@4.0.0": {
      "integrity": "sha512-9iE1PgSik9HeIIw2JO94IidnE3eBoQrFJ3w7sFuzSX4DpmZ3v5sZpUiV5Swcf6mQEF+Y0ru8Neo+p+nyh2J+hQ=="
    },
    "deep-eql@5.0.2": {
      "integrity": "sha512-h5k/5U50IJJFpzfL6nO9jaaumfjO/f2NjK/oYB2Djzm4p9L+3T9qWpZqZ2hAbLPuuYq9wrU08WQyBTL5GbPk5Q=="
    },
    "diff@5.2.0": {
      "integrity": "sha512-uIFDxqpRZGZ6ThOk84hEfqWoHx2devRFvpTZcTHur85vImfaxUbTW9Ryh4CpCuDnToOP1CEtXKIgytHBPVff5A=="
    },
    "dot-prop@9.0.0": {
      "integrity": "sha512-1gxPBJpI/pcjQhKgIU91II6Wkay+dLcN3M6rf2uwP8hRur3HtQXjVrdAK3sjC0piaEuxzMwjXChcETiJl47lAQ==",
      "dependencies": [
        "type-fest@4.27.0"
      ]
    },
    "dotenv@16.4.5": {
      "integrity": "sha512-ZmdL2rui+eB2YwhsWzjInR8LldtZHGDoQ1ugH85ppHKwpUHL7j7rN0Ti9NCnGiQbhaZ11FpR+7ao1dNsmduNUg=="
    },
    "emoji-regex@8.0.0": {
      "integrity": "sha512-MSjYzcWNOA0ewAHpz0MxpYFvwg6yjy1NG3xteoqz644VCo/RPgnr1/GGt+ic3iJTzQ8Eu3TdM14SawnVUmGE6A=="
    },
    "escalade@3.2.0": {
      "integrity": "sha512-WUj2qlxaQtO4g6Pq5c29GTcWGDyd8itL8zTlipgECz3JesAiiOKotd8JU6otB3PACgG6xkJUyVhboMS+bje/jA=="
    },
    "escape-string-regexp@1.0.5": {
      "integrity": "sha512-vbRorB5FUQWvla16U8R/qgaFIya2qGzwDrNmCZuYKrbdSUMG6I1ZCGQRefkRVhuOkIGVne7BQ35DSfo1qvJqFg=="
    },
    "escape-string-regexp@4.0.0": {
      "integrity": "sha512-TtpcNJ3XAzx3Gq8sWRzJaVajRs0uVxA2YAkdb1jm2YkPz4G6egUFAyA3n5vtEIZefPk5Wa4UXbKuS5fKkJWdgA=="
    },
    "fetch-blob@3.2.0": {
      "integrity": "sha512-7yAQpD2UMJzLi1Dqv7qFYnPbaPx7ZfFK6PiIxQ4PfkGPyNyl2Ugx+a/umUonmKqjhM4DnfbMvdX6otXq83soQQ==",
      "dependencies": [
        "node-domexception",
        "web-streams-polyfill"
      ]
    },
    "figures@3.2.0": {
      "integrity": "sha512-yaduQFRKLXYOGgEn6AZau90j3ggSOyiqXU0F9JZfeXYhNa+Jk4X+s45A2zg5jns87GAFa34BBm2kXw4XpNcbdg==",
      "dependencies": [
        "escape-string-regexp@1.0.5"
      ]
    },
    "fill-range@7.1.1": {
      "integrity": "sha512-YsGpe3WHLK8ZYi4tWDg2Jy3ebRz2rXowDxnld4bkQB00cc/1Zw9AWnC0i9ztDJitivtQvaI9KaLyKrc+hBW0yg==",
      "dependencies": [
        "to-regex-range"
      ]
    },
    "find-up@5.0.0": {
      "integrity": "sha512-78/PXT1wlLLDgTzDs7sjq9hzz0vXD+zn+7wypEe4fXQxCmdmqfGsEPQxmiCSQI3ajFV91bVSsvNtrJRiW6nGng==",
      "dependencies": [
        "locate-path",
        "path-exists"
      ]
    },
    "flat@5.0.2": {
      "integrity": "sha512-b6suED+5/3rTpUBdG1gupIl8MPFCAMA0QXwmljLhvCUKcUvdE4gWky9zpuGCcXHOsz4J9wPGNWq6OKpmIzz3hQ=="
    },
    "formdata-polyfill@4.0.10": {
      "integrity": "sha512-buewHzMvYL29jdeQTVILecSaZKnt/RJWjoZCF5OW60Z67/GmSLBkOFM7qh1PI3zFNtJbaZL5eQu1vLfazOwj4g==",
      "dependencies": [
        "fetch-blob"
      ]
    },
    "fs.realpath@1.0.0": {
      "integrity": "sha512-OO0pH2lK6a0hZnAdau5ItzHPI6pUlvI7jMVnxUQRtw4owF2wk8lOSabtGDCTP4Ggrg2MbGnWO9X8K1t4+fGMDw=="
    },
    "fsevents@2.3.3": {
      "integrity": "sha512-5xoDfX+fL7faATnagmWPpbFtwh/R77WmMMqqHGS65C3vvB0YHrgF+B1YmZ3441tMj5n63k0212XNoJwzlhffQw=="
    },
    "get-caller-file@2.0.5": {
      "integrity": "sha512-DyFP3BM/3YHTQOCUL/w0OZHR0lpKeGrxotcHWcqNEdnltqFwXVfhEBQ94eIo34AfQpo0rGki4cyIiftY06h2Fg=="
    },
    "glob-parent@5.1.2": {
      "integrity": "sha512-AOIgSQCepiJYwP3ARnGx+5VnTu2HBYdzbGP45eLw1vr3zB3vZLeyed1sC9hnbcOc9/SrMyM5RPQrkGz4aS9Zow==",
      "dependencies": [
        "is-glob"
      ]
    },
    "glob@8.1.0": {
      "integrity": "sha512-r8hpEjiQEYlF2QU0df3dS+nxxSIreXQS1qRhMJM0Q5NDdR386C7jb7Hwwod8Fgiuex+k0GFjgft18yvxm5XoCQ==",
      "dependencies": [
        "fs.realpath",
        "inflight",
        "inherits",
        "minimatch",
        "once"
      ]
    },
    "graceful-fs@4.2.11": {
      "integrity": "sha512-RbJ5/jmFcNNCcDV5o9eTnBLJ/HszWV0P73bc+Ff4nS/rJj+YaS6IGyiOL0VoBYX+l1Wrl3k63h/KrH+nhJ0XvQ=="
    },
    "has-flag@4.0.0": {
      "integrity": "sha512-EykJT/Q1KjTWctppgIAgfSO0tKVuZUjhgMr17kqTumMl6Afv3EISleU7qZUzoXDFTAHTDC4NOoG/ZxU3EvlMPQ=="
    },
    "he@1.2.0": {
      "integrity": "sha512-F/1DnUGPopORZi0ni+CvrCgHQ5FyEAHRLSApuYWMmrbSwoN2Mn/7k+Gl38gJnR7yyDZk6WLXwiGod1JOWNDKGw=="
    },
    "inflight@1.0.6": {
      "integrity": "sha512-k92I/b08q4wvFscXCLvqfsHCrjrF7yiXsQuIVvVE7N82W3+aqpzuUdBbfhWcy/FZR3/4IgflMgKLOsvPDrGCJA==",
      "dependencies": [
        "once",
        "wrappy"
      ]
    },
    "inherits@2.0.4": {
      "integrity": "sha512-k/vGaX4/Yla3WzyMCvTQOXYeIHvqOKtnqBduzTHpzpQZzAskKMhZ2K+EnBiSM9zGSoIFeMpXKxa4dYeZIQqewQ=="
    },
    "is-binary-path@2.1.0": {
      "integrity": "sha512-ZMERYes6pDydyuGidse7OsHxtbI7WVeUEozgR/g7rd0xUimYNlvZRE/K2MgZTjWy725IfelLeVcEM97mmtRGXw==",
      "dependencies": [
        "binary-extensions"
      ]
    },
    "is-extglob@2.1.1": {
      "integrity": "sha512-SbKbANkN603Vi4jEZv49LeVJMn4yGwsbzZworEoyEiutsN3nJYdbO36zfhGJ6QEDpOZIFkDtnq5JRxmvl3jsoQ=="
    },
    "is-fullwidth-code-point@3.0.0": {
      "integrity": "sha512-zymm5+u+sCsSWyD9qNaejV3DFvhCKclKdizYaJUuHA83RLjb7nSuGnddCHGv0hk+KY7BMAlsWeK4Ueg6EV6XQg=="
    },
    "is-glob@4.0.3": {
      "integrity": "sha512-xelSayHH36ZgE7ZWhli7pW34hNbNl8Ojv5KVmkJD4hBdD3th8Tfk9vYasLM+mXWOZhFkgZfxhLSnrwRr4elSSg==",
      "dependencies": [
        "is-extglob"
      ]
    },
    "is-number@7.0.0": {
      "integrity": "sha512-41Cifkg6e8TylSpdtTpeLVMqvSBEVzTttHvERD741+pnZ8ANv0004MRL43QKPDlK9cGvNp6NZWZUBlbGXYxxng=="
    },
    "is-plain-obj@2.1.0": {
      "integrity": "sha512-YWnfyRwxL/+SsrWYfOpUtz5b3YD+nyfkHvjbcanzk8zgyO4ASD67uVMRt8k5bM4lLMDnXfriRhOpemw+NfT1eA=="
    },
    "is-unicode-supported@0.1.0": {
      "integrity": "sha512-knxG2q4UC3u8stRGyAVJCOdxFmv5DZiRcdlIaAQXAbSfJya+OhopNotLQrstBhququ4ZpuKbDc/8S6mgXgPFPw=="
    },
    "js-yaml@4.1.0": {
      "integrity": "sha512-wpxZs9NoxZaJESJGIZTyDEaYpl0FKSA+FB9aJiyemKhMwkxQg63h4T1KJgUGHpTqPDNRcmmYLugrRjJlBtWvRA==",
      "dependencies": [
        "argparse"
      ]
    },
    "locate-path@6.0.0": {
      "integrity": "sha512-iPZK6eYjbxRu3uB4/WZ3EsEIMJFMqAoopl3R+zuq0UjcAm/MO6KCweDgPfP3elTztoKP3KtnVHxTn2NHBSDVUw==",
      "dependencies": [
        "p-locate"
      ]
    },
    "log-symbols@4.1.0": {
      "integrity": "sha512-8XPvpAA8uyhfteu8pIvQxpJZ7SYYdpUivZpGy6sFsBuKRY/7rQGavedeB8aK+Zkyq6upMFVL/9AW6vOYzfRyLg==",
      "dependencies": [
        "chalk",
        "is-unicode-supported"
      ]
    },
    "loupe@3.1.2": {
      "integrity": "sha512-23I4pFZHmAemUnz8WZXbYRSKYj801VDaNv9ETuMh7IrMc7VuVVSo+Z9iLE3ni30+U48iDWfi30d3twAXBYmnCg=="
    },
    "minimatch@5.1.6": {
      "integrity": "sha512-lKwV/1brpG6mBUFHtb7NUmtABCb2WZZmm2wNiOA5hAb8VdCS4B3dtMWyvcoViccwAW/COERjXLt0zP1zXUN26g==",
      "dependencies": [
        "brace-expansion"
      ]
    },
    "mocha@10.8.2": {
      "integrity": "sha512-VZlYo/WE8t1tstuRmqgeyBgCbJc/lEdopaa+axcKzTBJ+UIdlAB9XnmvTCAH4pwR4ElNInaedhEBmZD8iCSVEg==",
      "dependencies": [
        "ansi-colors",
        "browser-stdout",
        "chokidar",
        "debug",
        "diff",
        "escape-string-regexp@4.0.0",
        "find-up",
        "glob",
        "he",
        "js-yaml",
        "log-symbols",
        "minimatch",
        "ms",
        "serialize-javascript",
        "strip-json-comments",
        "supports-color@8.1.1",
        "workerpool",
        "yargs",
        "yargs-parser",
        "yargs-unparser"
      ]
    },
    "ms@2.1.3": {
      "integrity": "sha512-6FlzubTLZG3J2a/NVCAleEhjzq5oxgHyaCU9yYXvcLsvoVaHJq/s5xXI6/XXP6tz7R9xAOtHnSO/tXtF3WRTlA=="
    },
    "mute-stream@1.0.0": {
      "integrity": "sha512-avsJQhyd+680gKXyG/sQc0nXaC6rBkPOfyHYcFb9+hdkqQkR9bdnkJ0AMZhke0oesPqIO+mFFJ+IdBc7mst4IA=="
    },
    "mute-stream@2.0.0": {
      "integrity": "sha512-WWdIxpyjEn+FhQJQQv9aQAYlHoNVdzIzUySNV1gHUPDSdZJ3yZn7pAAbQcV7B56Mvu881q9FZV+0Vx2xC44VWA=="
    },
    "node-domexception@1.0.0": {
      "integrity": "sha512-/jKZoMpw0F8GRwl4/eLROPA3cfcXtLApP0QzLmUT/HuPCZWyB7IY9ZrMeKw2O/nFIqPQB3PVM9aYm0F312AXDQ=="
    },
    "node-fetch@3.3.2": {
      "integrity": "sha512-dRB78srN/l6gqWulah9SrxeYnxeddIG30+GOqK/9OlLVyLg3HPnr6SqOWTWOXKRwC2eGYCkZ59NNuSgvSrpgOA==",
      "dependencies": [
        "data-uri-to-buffer",
        "fetch-blob",
        "formdata-polyfill"
      ]
    },
    "normalize-path@3.0.0": {
      "integrity": "sha512-6eZs5Ls3WtCisHWp9S2GUy8dqkpGi4BVSz3GaqiE6ezub0512ESztXUwUB6C6IKbQkY2Pnb/mD4WYojCRwcwLA=="
    },
    "once@1.4.0": {
      "integrity": "sha512-lNaJgI+2Q5URQBkccEKHTQOPaXdUxnZZElQTZY0MFUAuaEqe1E+Nyvgdz/aIyNi6Z9MzO5dv1H8n58/GELp3+w==",
      "dependencies": [
        "wrappy"
      ]
    },
    "p-limit@3.1.0": {
      "integrity": "sha512-TYOanM3wGwNGsZN2cVTYPArw454xnXj5qmWF1bEoAc4+cU/ol7GVh7odevjp1FNHduHc3KZMcFduxU5Xc6uJRQ==",
      "dependencies": [
        "yocto-queue"
      ]
    },
    "p-locate@5.0.0": {
      "integrity": "sha512-LaNjtRWUBY++zB5nE/NwcaoMylSPk+S+ZHNB1TzdbMJMny6dynpAGt7X/tl/QYq3TIeE6nxHppbo2LGymrG5Pw==",
      "dependencies": [
        "p-limit"
      ]
    },
    "path-exists@4.0.0": {
      "integrity": "sha512-ak9Qy5Q7jYb2Wwcey5Fpvg2KoAc/ZIhLSLOSBmRmygPsGwkVVt0fZa0qrtMz+m6tJTAHfZQ8FnmB4MG4LWy7/w=="
    },
    "pathval@2.0.0": {
      "integrity": "sha512-vE7JKRyES09KiunauX7nd2Q9/L7lhok4smP9RZTDeD4MVs72Dp2qNFVz39Nz5a0FVEW0BJR6C0DYrq6unoziZA=="
    },
    "picomatch@2.3.1": {
      "integrity": "sha512-JU3teHTNjmE2VCGFzuY8EXzCDVwEqB2a8fsIvwaStHhAWJEeVd1o1QD80CU6+ZdEXXSLbSsuLwJjkCBWqRQUVA=="
    },
    "randombytes@2.1.0": {
      "integrity": "sha512-vYl3iOX+4CKUWuxGi9Ukhie6fsqXqS9FE2Zaic4tNFD2N2QQaXOMFbuKK4QmDHC0JO6B1Zp41J0LpT0oR68amQ==",
      "dependencies": [
        "safe-buffer"
      ]
    },
    "readdirp@3.6.0": {
      "integrity": "sha512-hOS089on8RduqdbhvQ5Z37A0ESjsqz6qnRcffsMU3495FuTdqSm+7bhJ29JvIOsBDEEnan5DPu9t3To9VRlMzA==",
      "dependencies": [
        "picomatch"
      ]
    },
    "require-directory@2.1.1": {
      "integrity": "sha512-fGxEI7+wsG9xrvdjsrlmL22OMTTiHRwAMroiEeMgq8gzoLC/PQr7RsRDSTLUg/bZAZtF+TVIkHc6/4RIKrui+Q=="
    },
    "run-async@3.0.0": {
      "integrity": "sha512-540WwVDOMxA6dN6We19EcT9sc3hkXPw5mzRNGM3FkdN/vtE9NFvj5lFAPNwUDmJjXidm3v7TC1cTE7t17Ulm1Q=="
    },
    "safe-buffer@5.2.1": {
      "integrity": "sha512-rp3So07KcdmmKbGvgaNxQSJr7bGVSVk5S9Eq1F+ppbRo70+YeaDxkw5Dd8NPN+GD6bjnYm2VuPuCXmpuYvmCXQ=="
    },
    "serialize-javascript@6.0.2": {
      "integrity": "sha512-Saa1xPByTTq2gdeFZYLLo+RFE35NHZkAbqZeWNd3BpzppeVisAqpDjcp8dyf6uIvEqJRd46jemmyA4iFIeVk8g==",
      "dependencies": [
        "randombytes"
      ]
    },
    "signal-exit@4.1.0": {
      "integrity": "sha512-bzyZ1e88w9O1iNJbKnOlvYTrWPDl46O1bG0D3XInv+9tkPrxrN8jUUTiFlDkkmKWgn1M6CfIA13SuGqOa9Korw=="
    },
    "string-width@4.2.3": {
      "integrity": "sha512-wKyQRQpjJ0sIp62ErSZdGsjMJWsap5oRNihHhu6G7JVO/9jIB6UyevL+tXuOqrng8j/cxKTWyWUwvSTriiZz/g==",
      "dependencies": [
        "emoji-regex",
        "is-fullwidth-code-point",
        "strip-ansi"
      ]
    },
    "strip-ansi@6.0.1": {
      "integrity": "sha512-Y38VPSHcqkFrCpFnQ9vuSXmquuv5oXOKpGeT6aGrr3o3Gc9AlVa6JBfUSOCnbxGGZF+/0ooI7KrPuUSztUdU5A==",
      "dependencies": [
        "ansi-regex"
      ]
    },
    "strip-json-comments@3.1.1": {
      "integrity": "sha512-6fPc+R4ihwqP6N/aIv2f1gMH8lOVtWQHoqC4yK6oSDVVocumAsfCqjkXnqiYMhmMwS/mEHLp7Vehlt3ql6lEig=="
    },
    "stubborn-fs@1.2.5": {
      "integrity": "sha512-H2N9c26eXjzL/S/K+i/RHHcFanE74dptvvjM8iwzwbVcWY/zjBbgRqF3K0DY4+OD+uTTASTBvDoxPDaPN02D7g=="
    },
    "supports-color@7.2.0": {
      "integrity": "sha512-qpCAvRl9stuOHveKsn7HncJRvv501qIacKzQlO/+Lwxc9+0q2wLyv4Dfvt80/DPn2pqOBsJdDiogXGR9+OvwRw==",
      "dependencies": [
        "has-flag"
      ]
    },
    "supports-color@8.1.1": {
      "integrity": "sha512-MpUEN2OodtUzxvKQl72cUF7RQ5EiHsGvSsVG0ia9c5RbWGL2CI4C7EpPS8UTBIplnlzZiNuV56w+FuNxy3ty2Q==",
      "dependencies": [
        "has-flag"
      ]
    },
    "to-regex-range@5.0.1": {
      "integrity": "sha512-65P7iz6X5yEr1cwcgvQxbbIw7Uk3gOy5dIdtZ4rDveLqhrdJP+Li/Hx6tyK0NEb+2GCyneCMJiGqrADCSNk8sQ==",
      "dependencies": [
        "is-number"
      ]
    },
    "type-fest@0.21.3": {
      "integrity": "sha512-t0rzBq87m3fVcduHDUFhKmyyX+9eo6WQjZvf51Ea/M0Q7+T374Jp1aUiyUl0GKxp8M/OETVHSDvmkyPgvX+X2w=="
    },
    "type-fest@4.27.0": {
      "integrity": "sha512-3IMSWgP7C5KSQqmo1wjhKrwsvXAtF33jO3QY+Uy++ia7hqvgSK6iXbbg5PbDBc1P2ZbNEDgejOrN4YooXvhwCw=="
    },
    "undici-types@6.19.8": {
      "integrity": "sha512-ve2KP6f/JnbPBFyobGHuerC9g1FYGn/F8n1LWTwNxCEzd6IfqTwUQcNXgEtmmQ6DlRrC1hrSrBnCZPokRrDHjw=="
    },
    "web-streams-polyfill@3.3.3": {
      "integrity": "sha512-d2JWLCivmZYTSIoge9MsgFCZrt571BikcWGYkjC1khllbTeDlGqZ2D8vD8E/lJa8WGWbb7Plm8/XJYV7IJHZZw=="
    },
    "when-exit@2.1.3": {
      "integrity": "sha512-uVieSTccFIr/SFQdFWN/fFaQYmV37OKtuaGphMAzi4DmmUlrvRBJW5WSLkHyjNQY/ePJMz3LoiX9R3yy1Su6Hw=="
    },
    "workerpool@6.5.1": {
      "integrity": "sha512-Fs4dNYcsdpYSAfVxhnl1L5zTksjvOJxtC5hzMNl+1t9B8hTJTdKDyZ5ju7ztgPy+ft9tBFXoOlDNiOT9WUXZlA=="
    },
    "wrap-ansi@6.2.0": {
      "integrity": "sha512-r6lPcBGxZXlIcymEu7InxDMhdW0KDxpLgoFLcguasxCaJ/SOIZwINatK9KY/tf+ZrlywOKU0UDj3ATXUBfxJXA==",
      "dependencies": [
        "ansi-styles",
        "string-width",
        "strip-ansi"
      ]
    },
    "wrap-ansi@7.0.0": {
      "integrity": "sha512-YVGIj2kamLSTxw6NsZjoBxfSwsn0ycdesmc4p+Q21c5zPuZ1pl+NfxVdxPtdHvmNVOQ6XSYG4AUtyt/Fi7D16Q==",
      "dependencies": [
        "ansi-styles",
        "string-width",
        "strip-ansi"
      ]
    },
    "wrappy@1.0.2": {
      "integrity": "sha512-l4Sp/DRseor9wL6EvV2+TuQn63dMkPjZ/sp9XkghTEbV9KlPS1xUsZ3u7/IQO4wxtcFB4bgpQPRcR3QCvezPcQ=="
    },
    "xdg-basedir@5.1.0": {
      "integrity": "sha512-GCPAHLvrIH13+c0SuacwvRYj2SxJXQ4kaVTT5xgL3kPrz56XxkF21IGhjSE1+W0aw7gpBWRGXLCPnPby6lSpmQ=="
    },
    "y18n@5.0.8": {
      "integrity": "sha512-0pfFzegeDWJHJIAmTLRP2DwHjdF5s7jo9tuztdQxAhINCdvS+3nGINqPd00AphqJR/0LhANUS6/+7SCb98YOfA=="
    },
    "yargs-parser@20.2.9": {
      "integrity": "sha512-y11nGElTIV+CT3Zv9t7VKl+Q3hTQoT9a1Qzezhhl6Rp21gJ/IVTW7Z3y9EWXhuUBC2Shnf+DX0antecpAwSP8w=="
    },
    "yargs-unparser@2.0.0": {
      "integrity": "sha512-7pRTIA9Qc1caZ0bZ6RYRGbHJthJWuakf+WmHK0rVeLkNrrGhfoabBNdue6kdINI6r4if7ocq9aD/n7xwKOdzOA==",
      "dependencies": [
        "camelcase",
        "decamelize",
        "flat",
        "is-plain-obj"
      ]
    },
    "yargs@16.2.0": {
      "integrity": "sha512-D1mvvtDG0L5ft/jGWkLpG1+m0eQxOfaBvTNELraWj22wSVUMWxZUvYgJYcKh6jGGIkJFhH4IZPQhR4TKpc8mBw==",
      "dependencies": [
        "cliui",
        "escalade",
        "get-caller-file",
        "require-directory",
        "string-width",
        "y18n",
        "yargs-parser"
      ]
    },
    "yocto-queue@0.1.0": {
      "integrity": "sha512-rVksvsnNCdJ/ohGc6xgPwyN8eheCxsiLM8mxuE/t/mOVqJewPuO1miLpTHQiRgTKCLexL4MeAFVagts7HmNZ2Q=="
    },
    "yoctocolors-cjs@2.1.2": {
      "integrity": "sha512-cYVsTjKl8b+FrnidjibDWskAv7UKOfcwaVZdp/it9n1s9fU3IkgDbhdIRKCW4JDsAlECJY0ytoVPT3sK6kideA=="
    }
  },
  "workspace": {
    "dependencies": [
      "jsr:@std/async@^1.0.8"
    ],
    "packageJson": {
      "dependencies": [
        "npm:@colors/colors@^1.6.0",
        "npm:@inquirer/input@^4.0.2",
        "npm:@inquirer/password@^4.0.2",
        "npm:@inquirer/select@^1.3.3",
        "npm:chai@^5.1.2",
        "npm:cli-table3@~0.6.3",
        "npm:commander@^11.1.0",
        "npm:configstore@7",
        "npm:debug@^4.3.7",
        "npm:dotenv@^16.3.1",
        "npm:mocha@^10.8.2",
        "npm:node-fetch@^3.3.2"
      ]
    }
  }
}
